
Microsoft Visual Studio Solution File, Format Version 12.00
Project("{FAE04EC0-301F-11D3-BF4B-00C04F79EFBC}") = "Jellyfin.Plugin.SubtitleExtract", "Jellyfin.Plugin.SubtitleExtract\Jellyfin.Plugin.SubtitleExtract.csproj", "{178E6DF8-4B3D-4D2C-896B-6FA5BED750B8}"
EndProject
Global
	GlobalSection(SolutionConfigurationPlatforms) = preSolution
		Debug|Any CPU = Debug|Any CPU
		Release|Any CPU = Release|Any CPU
	EndGlobalSection
	GlobalSection(ProjectConfigurationPlatforms) = postSolution
		{178E6DF8-4B3D-4D2C-896B-6FA5BED750B8}.Debug|Any CPU.ActiveCfg = Debug|Any CPU
		{178E6DF8-4B3D-4D2C-896B-6FA5BED750B8}.Debug|Any CPU.Build.0 = Debug|Any CPU
		{178E6DF8-4B3D-4D2C-896B-6FA5BED750B8}.Release|Any CPU.ActiveCfg = Release|Any CPU
		{178E6DF8-4B3D-4D2C-896B-6FA5BED750B8}.Release|Any CPU.Build.0 = Release|Any CPU
	EndGlobalSection
EndGlobal
